// !$*UTF8*$!
{
	archiveVersion = 1;
	classes = {
	};
	objectVersion = 48;
	objects = {

/* Begin PBXBuildFile section */
		1AA1DEC22271D093165E8498 /* Pods_TumblrTests.framework in Frameworks */ = {isa = PBXBuildFile; fileRef = 8C1577999A9546058FDEDCD9 /* Pods_TumblrTests.framework */; };
		987247733E18A5AE905C41A7 /* Pods_Tumblr.framework in Frameworks */ = {isa = PBXBuildFile; fileRef = 2938D2B52C8DDF00B943F93C /* Pods_Tumblr.framework */; };
		E31A0083200C4B8D001436FF /* placeholder.png in Resources */ = {isa = PBXBuildFile; fileRef = E31A0082200C4B8D001436FF /* placeholder.png */; };
		E3B611D82010101100D38A33 /* DetailViewController.swift in Sources */ = {isa = PBXBuildFile; fileRef = E3B611D72010101100D38A33 /* DetailViewController.swift */; };
		E3FB58FA2006D33500F14799 /* AppDelegate.swift in Sources */ = {isa = PBXBuildFile; fileRef = E3FB58F92006D33500F14799 /* AppDelegate.swift */; };
		E3FB58FF2006D33600F14799 /* Main.storyboard in Resources */ = {isa = PBXBuildFile; fileRef = E3FB58FD2006D33600F14799 /* Main.storyboard */; };
		E3FB59042006D33600F14799 /* LaunchScreen.storyboard in Resources */ = {isa = PBXBuildFile; fileRef = E3FB59022006D33600F14799 /* LaunchScreen.storyboard */; };
		E3FB590F2006D33600F14799 /* TumblrTests.swift in Sources */ = {isa = PBXBuildFile; fileRef = E3FB590E2006D33600F14799 /* TumblrTests.swift */; };
		E3FB591A2006D33600F14799 /* TumblrUITests.swift in Sources */ = {isa = PBXBuildFile; fileRef = E3FB59192006D33600F14799 /* TumblrUITests.swift */; };
		E3FB592A2006D5A800F14799 /* PhotosViewController.swift in Sources */ = {isa = PBXBuildFile; fileRef = E3FB59292006D5A800F14799 /* PhotosViewController.swift */; };
		E3FB592C2006DDA800F14799 /* PhotoCell.swift in Sources */ = {isa = PBXBuildFile; fileRef = E3FB592B2006DDA800F14799 /* PhotoCell.swift */; };
		E7B071FAA4DEC88828D95F4F /* Pods_TumblrUITests.framework in Frameworks */ = {isa = PBXBuildFile; fileRef = 1AFD84020D546153F541E35A /* Pods_TumblrUITests.framework */; };
/* End PBXBuildFile section */

/* Begin PBXContainerItemProxy section */
		E3FB590B2006D33600F14799 /* PBXContainerItemProxy */ = {
			isa = PBXContainerItemProxy;
			containerPortal = E3FB58EE2006D33500F14799 /* Project object */;
			proxyType = 1;
			remoteGlobalIDString = E3FB58F52006D33500F14799;
			remoteInfo = Tumblr;
		};
		E3FB59162006D33600F14799 /* PBXContainerItemProxy */ = {
			isa = PBXContainerItemProxy;
			containerPortal = E3FB58EE2006D33500F14799 /* Project object */;
			proxyType = 1;
			remoteGlobalIDString = E3FB58F52006D33500F14799;
			remoteInfo = Tumblr;
		};
/* End PBXContainerItemProxy section */

/* Begin PBXFileReference section */
		1AFD84020D546153F541E35A /* Pods_TumblrUITests.framework */ = {isa = PBXFileReference; explicitFileType = wrapper.framework; includeInIndex = 0; path = Pods_TumblrUITests.framework; sourceTree = BUILT_PRODUCTS_DIR; };
		1D932C925C849F1D0A42E8CB /* Pods-TumblrUITests.debug.xcconfig */ = {isa = PBXFileReference; includeInIndex = 1; lastKnownFileType = text.xcconfig; name = "Pods-TumblrUITests.debug.xcconfig"; path = "Pods/Target Support Files/Pods-TumblrUITests/Pods-TumblrUITests.debug.xcconfig"; sourceTree = "<group>"; };
		257486318BE97E13128604CD /* Pods-TumblrTests.release.xcconfig */ = {isa = PBXFileReference; includeInIndex = 1; lastKnownFileType = text.xcconfig; name = "Pods-TumblrTests.release.xcconfig"; path = "Pods/Target Support Files/Pods-TumblrTests/Pods-TumblrTests.release.xcconfig"; sourceTree = "<group>"; };
		2938D2B52C8DDF00B943F93C /* Pods_Tumblr.framework */ = {isa = PBXFileReference; explicitFileType = wrapper.framework; includeInIndex = 0; path = Pods_Tumblr.framework; sourceTree = BUILT_PRODUCTS_DIR; };
		2EB585FF0F5DD727A4F0D08A /* Pods-TumblrUITests.release.xcconfig */ = {isa = PBXFileReference; includeInIndex = 1; lastKnownFileType = text.xcconfig; name = "Pods-TumblrUITests.release.xcconfig"; path = "Pods/Target Support Files/Pods-TumblrUITests/Pods-TumblrUITests.release.xcconfig"; sourceTree = "<group>"; };
		34F435CA600B5836BA1EE810 /* Pods-TumblrTests.debug.xcconfig */ = {isa = PBXFileReference; includeInIndex = 1; lastKnownFileType = text.xcconfig; name = "Pods-TumblrTests.debug.xcconfig"; path = "Pods/Target Support Files/Pods-TumblrTests/Pods-TumblrTests.debug.xcconfig"; sourceTree = "<group>"; };
		8665F45085B8BB7ED57D2DFE /* Pods-Tumblr.release.xcconfig */ = {isa = PBXFileReference; includeInIndex = 1; lastKnownFileType = text.xcconfig; name = "Pods-Tumblr.release.xcconfig"; path = "Pods/Target Support Files/Pods-Tumblr/Pods-Tumblr.release.xcconfig"; sourceTree = "<group>"; };
		8C1577999A9546058FDEDCD9 /* Pods_TumblrTests.framework */ = {isa = PBXFileReference; explicitFileType = wrapper.framework; includeInIndex = 0; path = Pods_TumblrTests.framework; sourceTree = BUILT_PRODUCTS_DIR; };
		D52626A770F87C45DA93F3BA /* Pods-Tumblr.debug.xcconfig */ = {isa = PBXFileReference; includeInIndex = 1; lastKnownFileType = text.xcconfig; name = "Pods-Tumblr.debug.xcconfig"; path = "Pods/Target Support Files/Pods-Tumblr/Pods-Tumblr.debug.xcconfig"; sourceTree = "<group>"; };
		E31A0082200C4B8D001436FF /* placeholder.png */ = {isa = PBXFileReference; lastKnownFileType = image.png; path = placeholder.png; sourceTree = "<group>"; };
		E3B611D72010101100D38A33 /* DetailViewController.swift */ = {isa = PBXFileReference; lastKnownFileType = sourcecode.swift; path = DetailViewController.swift; sourceTree = "<group>"; };
		E3FB58F62006D33500F14799 /* Tumblr.app */ = {isa = PBXFileReference; explicitFileType = wrapper.application; includeInIndex = 0; path = Tumblr.app; sourceTree = BUILT_PRODUCTS_DIR; };
		E3FB58F92006D33500F14799 /* AppDelegate.swift */ = {isa = PBXFileReference; lastKnownFileType = sourcecode.swift; path = AppDelegate.swift; sourceTree = "<group>"; };
		E3FB58FE2006D33600F14799 /* Base */ = {isa = PBXFileReference; lastKnownFileType = file.storyboard; name = Base; path = Base.lproj/Main.storyboard; sourceTree = "<group>"; };
		E3FB59032006D33600F14799 /* Base */ = {isa = PBXFileReference; lastKnownFileType = file.storyboard; name = Base; path = Base.lproj/LaunchScreen.storyboard; sourceTree = "<group>"; };
		E3FB59052006D33600F14799 /* Info.plist */ = {isa = PBXFileReference; lastKnownFileType = text.plist.xml; path = Info.plist; sourceTree = "<group>"; };
		E3FB590A2006D33600F14799 /* TumblrTests.xctest */ = {isa = PBXFileReference; explicitFileType = wrapper.cfbundle; includeInIndex = 0; path = TumblrTests.xctest; sourceTree = BUILT_PRODUCTS_DIR; };
		E3FB590E2006D33600F14799 /* TumblrTests.swift */ = {isa = PBXFileReference; lastKnownFileType = sourcecode.swift; path = TumblrTests.swift; sourceTree = "<group>"; };
		E3FB59102006D33600F14799 /* Info.plist */ = {isa = PBXFileReference; lastKnownFileType = text.plist.xml; path = Info.plist; sourceTree = "<group>"; };
		E3FB59152006D33600F14799 /* TumblrUITests.xctest */ = {isa = PBXFileReference; explicitFileType = wrapper.cfbundle; includeInIndex = 0; path = TumblrUITests.xctest; sourceTree = BUILT_PRODUCTS_DIR; };
		E3FB59192006D33600F14799 /* TumblrUITests.swift */ = {isa = PBXFileReference; lastKnownFileType = sourcecode.swift; path = TumblrUITests.swift; sourceTree = "<group>"; };
		E3FB591B2006D33600F14799 /* Info.plist */ = {isa = PBXFileReference; lastKnownFileType = text.plist.xml; path = Info.plist; sourceTree = "<group>"; };
		E3FB59292006D5A800F14799 /* PhotosViewController.swift */ = {isa = PBXFileReference; lastKnownFileType = sourcecode.swift; path = PhotosViewController.swift; sourceTree = "<group>"; };
		E3FB592B2006DDA800F14799 /* PhotoCell.swift */ = {isa = PBXFileReference; lastKnownFileType = sourcecode.swift; path = PhotoCell.swift; sourceTree = "<group>"; };
/* End PBXFileReference section */

/* Begin PBXFrameworksBuildPhase section */
		E3FB58F32006D33500F14799 /* Frameworks */ = {
			isa = PBXFrameworksBuildPhase;
			buildActionMask = 2147483647;
			files = (
				987247733E18A5AE905C41A7 /* Pods_Tumblr.framework in Frameworks */,
			);
			runOnlyForDeploymentPostprocessing = 0;
		};
		E3FB59072006D33600F14799 /* Frameworks */ = {
			isa = PBXFrameworksBuildPhase;
			buildActionMask = 2147483647;
			files = (
				1AA1DEC22271D093165E8498 /* Pods_TumblrTests.framework in Frameworks */,
			);
			runOnlyForDeploymentPostprocessing = 0;
		};
		E3FB59122006D33600F14799 /* Frameworks */ = {
			isa = PBXFrameworksBuildPhase;
			buildActionMask = 2147483647;
			files = (
				E7B071FAA4DEC88828D95F4F /* Pods_TumblrUITests.framework in Frameworks */,
			);
			runOnlyForDeploymentPostprocessing = 0;
		};
/* End PBXFrameworksBuildPhase section */

/* Begin PBXGroup section */
		4150325F62272C6C74D32B85 /* Pods */ = {
			isa = PBXGroup;
			children = (
				D52626A770F87C45DA93F3BA /* Pods-Tumblr.debug.xcconfig */,
				8665F45085B8BB7ED57D2DFE /* Pods-Tumblr.release.xcconfig */,
				34F435CA600B5836BA1EE810 /* Pods-TumblrTests.debug.xcconfig */,
				257486318BE97E13128604CD /* Pods-TumblrTests.release.xcconfig */,
				1D932C925C849F1D0A42E8CB /* Pods-TumblrUITests.debug.xcconfig */,
				2EB585FF0F5DD727A4F0D08A /* Pods-TumblrUITests.release.xcconfig */,
			);
			name = Pods;
			sourceTree = "<group>";
		};
		959F5D8501B1EF33F57A4E27 /* Frameworks */ = {
			isa = PBXGroup;
			children = (
				2938D2B52C8DDF00B943F93C /* Pods_Tumblr.framework */,
				8C1577999A9546058FDEDCD9 /* Pods_TumblrTests.framework */,
				1AFD84020D546153F541E35A /* Pods_TumblrUITests.framework */,
			);
			name = Frameworks;
			sourceTree = "<group>";
		};
		E3FB58ED2006D33500F14799 = {
			isa = PBXGroup;
			children = (
				E3FB58F82006D33500F14799 /* Tumblr */,
				E3FB590D2006D33600F14799 /* TumblrTests */,
				E3FB59182006D33600F14799 /* TumblrUITests */,
				E3FB58F72006D33500F14799 /* Products */,
				4150325F62272C6C74D32B85 /* Pods */,
				959F5D8501B1EF33F57A4E27 /* Frameworks */,
			);
			sourceTree = "<group>";
		};
		E3FB58F72006D33500F14799 /* Products */ = {
			isa = PBXGroup;
			children = (
				E3FB58F62006D33500F14799 /* Tumblr.app */,
				E3FB590A2006D33600F14799 /* TumblrTests.xctest */,
				E3FB59152006D33600F14799 /* TumblrUITests.xctest */,
			);
			name = Products;
			sourceTree = "<group>";
		};
		E3FB58F82006D33500F14799 /* Tumblr */ = {
			isa = PBXGroup;
			children = (
				E31A0082200C4B8D001436FF /* placeholder.png */,
				E3FB58F92006D33500F14799 /* AppDelegate.swift */,
				E3FB592B2006DDA800F14799 /* PhotoCell.swift */,
				E3FB59292006D5A800F14799 /* PhotosViewController.swift */,
				E3FB58FD2006D33600F14799 /* Main.storyboard */,
				E3FB59022006D33600F14799 /* LaunchScreen.storyboard */,
				E3FB59052006D33600F14799 /* Info.plist */,
				E3B611D72010101100D38A33 /* DetailViewController.swift */,
			);
			path = Tumblr;
			sourceTree = "<group>";
		};
		E3FB590D2006D33600F14799 /* TumblrTests */ = {
			isa = PBXGroup;
			children = (
				E3FB590E2006D33600F14799 /* TumblrTests.swift */,
				E3FB59102006D33600F14799 /* Info.plist */,
			);
			path = TumblrTests;
			sourceTree = "<group>";
		};
		E3FB59182006D33600F14799 /* TumblrUITests */ = {
			isa = PBXGroup;
			children = (
				E3FB59192006D33600F14799 /* TumblrUITests.swift */,
				E3FB591B2006D33600F14799 /* Info.plist */,
			);
			path = TumblrUITests;
			sourceTree = "<group>";
		};
/* End PBXGroup section */

/* Begin PBXNativeTarget section */
		E3FB58F52006D33500F14799 /* Tumblr */ = {
			isa = PBXNativeTarget;
			buildConfigurationList = E3FB591E2006D33600F14799 /* Build configuration list for PBXNativeTarget "Tumblr" */;
			buildPhases = (
				4892903713385566BF6CFB19 /* [CP] Check Pods Manifest.lock */,
				E3FB58F22006D33500F14799 /* Sources */,
				E3FB58F32006D33500F14799 /* Frameworks */,
				E3FB58F42006D33500F14799 /* Resources */,
				F4C5C70BFCF88391AA4031C7 /* [CP] Embed Pods Frameworks */,
				12DFF5605AD5F69ED7CCC2CC /* [CP] Copy Pods Resources */,
			);
			buildRules = (
			);
			dependencies = (
			);
			name = Tumblr;
			productName = Tumblr;
			productReference = E3FB58F62006D33500F14799 /* Tumblr.app */;
			productType = "com.apple.product-type.application";
		};
		E3FB59092006D33600F14799 /* TumblrTests */ = {
			isa = PBXNativeTarget;
			buildConfigurationList = E3FB59212006D33600F14799 /* Build configuration list for PBXNativeTarget "TumblrTests" */;
			buildPhases = (
				3D29906C8F9A1C983F3A1713 /* [CP] Check Pods Manifest.lock */,
				E3FB59062006D33600F14799 /* Sources */,
				E3FB59072006D33600F14799 /* Frameworks */,
				E3FB59082006D33600F14799 /* Resources */,
				8C8B0B6FAF521865627A7418 /* [CP] Embed Pods Frameworks */,
				10CF1AB449F4CF1ED9DEDF70 /* [CP] Copy Pods Resources */,
			);
			buildRules = (
			);
			dependencies = (
				E3FB590C2006D33600F14799 /* PBXTargetDependency */,
			);
			name = TumblrTests;
			productName = TumblrTests;
			productReference = E3FB590A2006D33600F14799 /* TumblrTests.xctest */;
			productType = "com.apple.product-type.bundle.unit-test";
		};
		E3FB59142006D33600F14799 /* TumblrUITests */ = {
			isa = PBXNativeTarget;
			buildConfigurationList = E3FB59242006D33600F14799 /* Build configuration list for PBXNativeTarget "TumblrUITests" */;
			buildPhases = (
				1C587A99BF44C870DD16402C /* [CP] Check Pods Manifest.lock */,
				E3FB59112006D33600F14799 /* Sources */,
				E3FB59122006D33600F14799 /* Frameworks */,
				E3FB59132006D33600F14799 /* Resources */,
				0FA6C0EF517DCAAF6920D04D /* [CP] Embed Pods Frameworks */,
				60DBF5A6C1FE43AFE07B1E12 /* [CP] Copy Pods Resources */,
			);
			buildRules = (
			);
			dependencies = (
				E3FB59172006D33600F14799 /* PBXTargetDependency */,
			);
			name = TumblrUITests;
			productName = TumblrUITests;
			productReference = E3FB59152006D33600F14799 /* TumblrUITests.xctest */;
			productType = "com.apple.product-type.bundle.ui-testing";
		};
/* End PBXNativeTarget section */

/* Begin PBXProject section */
		E3FB58EE2006D33500F14799 /* Project object */ = {
			isa = PBXProject;
			attributes = {
				LastSwiftUpdateCheck = 0920;
				LastUpgradeCheck = 0920;
				ORGANIZATIONNAME = "Harjas Monga";
				TargetAttributes = {
					E3FB58F52006D33500F14799 = {
						CreatedOnToolsVersion = 9.2;
						ProvisioningStyle = Automatic;
					};
					E3FB59092006D33600F14799 = {
						CreatedOnToolsVersion = 9.2;
						ProvisioningStyle = Automatic;
						TestTargetID = E3FB58F52006D33500F14799;
					};
					E3FB59142006D33600F14799 = {
						CreatedOnToolsVersion = 9.2;
						ProvisioningStyle = Automatic;
						TestTargetID = E3FB58F52006D33500F14799;
					};
				};
			};
			buildConfigurationList = E3FB58F12006D33500F14799 /* Build configuration list for PBXProject "Tumblr" */;
			compatibilityVersion = "Xcode 8.0";
			developmentRegion = en;
			hasScannedForEncodings = 0;
			knownRegions = (
				en,
				Base,
			);
			mainGroup = E3FB58ED2006D33500F14799;
			productRefGroup = E3FB58F72006D33500F14799 /* Products */;
			projectDirPath = "";
			projectRoot = "";
			targets = (
				E3FB58F52006D33500F14799 /* Tumblr */,
				E3FB59092006D33600F14799 /* TumblrTests */,
				E3FB59142006D33600F14799 /* TumblrUITests */,
			);
		};
/* End PBXProject section */

/* Begin PBXResourcesBuildPhase section */
		E3FB58F42006D33500F14799 /* Resources */ = {
			isa = PBXResourcesBuildPhase;
			buildActionMask = 2147483647;
			files = (
				E3FB59042006D33600F14799 /* LaunchScreen.storyboard in Resources */,
				E31A0083200C4B8D001436FF /* placeholder.png in Resources */,
				E3FB58FF2006D33600F14799 /* Main.storyboard in Resources */,
			);
			runOnlyForDeploymentPostprocessing = 0;
		};
		E3FB59082006D33600F14799 /* Resources */ = {
			isa = PBXResourcesBuildPhase;
			buildActionMask = 2147483647;
			files = (
			);
			runOnlyForDeploymentPostprocessing = 0;
		};
		E3FB59132006D33600F14799 /* Resources */ = {
			isa = PBXResourcesBuildPhase;
			buildActionMask = 2147483647;
			files = (
			);
			runOnlyForDeploymentPostprocessing = 0;
		};
/* End PBXResourcesBuildPhase section */

/* Begin PBXShellScriptBuildPhase section */
		0FA6C0EF517DCAAF6920D04D /* [CP] Embed Pods Frameworks */ = {
			isa = PBXShellScriptBuildPhase;
			buildActionMask = 2147483647;
			files = (
			);
			inputPaths = (
			);
			name = "[CP] Embed Pods Frameworks";
			outputPaths = (
			);
			runOnlyForDeploymentPostprocessing = 0;
			shellPath = /bin/sh;
			shellScript = "\"${SRCROOT}/Pods/Target Support Files/Pods-TumblrUITests/Pods-TumblrUITests-frameworks.sh\"\n";
			showEnvVarsInLog = 0;
		};
		10CF1AB449F4CF1ED9DEDF70 /* [CP] Copy Pods Resources */ = {
			isa = PBXShellScriptBuildPhase;
			buildActionMask = 2147483647;
			files = (
			);
			inputPaths = (
			);
			name = "[CP] Copy Pods Resources";
			outputPaths = (
			);
			runOnlyForDeploymentPostprocessing = 0;
			shellPath = /bin/sh;
			shellScript = "\"${SRCROOT}/Pods/Target Support Files/Pods-TumblrTests/Pods-TumblrTests-resources.sh\"\n";
			showEnvVarsInLog = 0;
		};
		12DFF5605AD5F69ED7CCC2CC /* [CP] Copy Pods Resources */ = {
			isa = PBXShellScriptBuildPhase;
			buildActionMask = 2147483647;
			files = (
			);
			inputPaths = (
			);
			name = "[CP] Copy Pods Resources";
			outputPaths = (
			);
			runOnlyForDeploymentPostprocessing = 0;
			shellPath = /bin/sh;
			shellScript = "\"${SRCROOT}/Pods/Target Support Files/Pods-Tumblr/Pods-Tumblr-resources.sh\"\n";
			showEnvVarsInLog = 0;
		};
		1C587A99BF44C870DD16402C /* [CP] Check Pods Manifest.lock */ = {
			isa = PBXShellScriptBuildPhase;
			buildActionMask = 2147483647;
			files = (
			);
			inputPaths = (
				"${PODS_PODFILE_DIR_PATH}/Podfile.lock",
				"${PODS_ROOT}/Manifest.lock",
			);
			name = "[CP] Check Pods Manifest.lock";
			outputPaths = (
				"$(DERIVED_FILE_DIR)/Pods-TumblrUITests-checkManifestLockResult.txt",
			);
			runOnlyForDeploymentPostprocessing = 0;
			shellPath = /bin/sh;
			shellScript = "diff \"${PODS_PODFILE_DIR_PATH}/Podfile.lock\" \"${PODS_ROOT}/Manifest.lock\" > /dev/null\nif [ $? != 0 ] ; then\n    # print error to STDERR\n    echo \"error: The sandbox is not in sync with the Podfile.lock. Run 'pod install' or update your CocoaPods installation.\" >&2\n    exit 1\nfi\n# This output is used by Xcode 'outputs' to avoid re-running this script phase.\necho \"SUCCESS\" > \"${SCRIPT_OUTPUT_FILE_0}\"\n";
			showEnvVarsInLog = 0;
		};
		3D29906C8F9A1C983F3A1713 /* [CP] Check Pods Manifest.lock */ = {
			isa = PBXShellScriptBuildPhase;
			buildActionMask = 2147483647;
			files = (
			);
			inputPaths = (
				"${PODS_PODFILE_DIR_PATH}/Podfile.lock",
				"${PODS_ROOT}/Manifest.lock",
			);
			name = "[CP] Check Pods Manifest.lock";
			outputPaths = (
				"$(DERIVED_FILE_DIR)/Pods-TumblrTests-checkManifestLockResult.txt",
			);
			runOnlyForDeploymentPostprocessing = 0;
			shellPath = /bin/sh;
			shellScript = "diff \"${PODS_PODFILE_DIR_PATH}/Podfile.lock\" \"${PODS_ROOT}/Manifest.lock\" > /dev/null\nif [ $? != 0 ] ; then\n    # print error to STDERR\n    echo \"error: The sandbox is not in sync with the Podfile.lock. Run 'pod install' or update your CocoaPods installation.\" >&2\n    exit 1\nfi\n# This output is used by Xcode 'outputs' to avoid re-running this script phase.\necho \"SUCCESS\" > \"${SCRIPT_OUTPUT_FILE_0}\"\n";
			showEnvVarsInLog = 0;
		};
		4892903713385566BF6CFB19 /* [CP] Check Pods Manifest.lock */ = {
			isa = PBXShellScriptBuildPhase;
			buildActionMask = 2147483647;
			files = (
			);
			inputPaths = (
				"${PODS_PODFILE_DIR_PATH}/Podfile.lock",
				"${PODS_ROOT}/Manifest.lock",
			);
			name = "[CP] Check Pods Manifest.lock";
			outputPaths = (
				"$(DERIVED_FILE_DIR)/Pods-Tumblr-checkManifestLockResult.txt",
			);
			runOnlyForDeploymentPostprocessing = 0;
			shellPath = /bin/sh;
			shellScript = "diff \"${PODS_PODFILE_DIR_PATH}/Podfile.lock\" \"${PODS_ROOT}/Manifest.lock\" > /dev/null\nif [ $? != 0 ] ; then\n    # print error to STDERR\n    echo \"error: The sandbox is not in sync with the Podfile.lock. Run 'pod install' or update your CocoaPods installation.\" >&2\n    exit 1\nfi\n# This output is used by Xcode 'outputs' to avoid re-running this script phase.\necho \"SUCCESS\" > \"${SCRIPT_OUTPUT_FILE_0}\"\n";
			showEnvVarsInLog = 0;
		};
		60DBF5A6C1FE43AFE07B1E12 /* [CP] Copy Pods Resources */ = {
			isa = PBXShellScriptBuildPhase;
			buildActionMask = 2147483647;
			files = (
			);
			inputPaths = (
			);
			name = "[CP] Copy Pods Resources";
			outputPaths = (
			);
			runOnlyForDeploymentPostprocessing = 0;
			shellPath = /bin/sh;
			shellScript = "\"${SRCROOT}/Pods/Target Support Files/Pods-TumblrUITests/Pods-TumblrUITests-resources.sh\"\n";
			showEnvVarsInLog = 0;
		};
		8C8B0B6FAF521865627A7418 /* [CP] Embed Pods Frameworks */ = {
			isa = PBXShellScriptBuildPhase;
			buildActionMask = 2147483647;
			files = (
			);
			inputPaths = (
			);
			name = "[CP] Embed Pods Frameworks";
			outputPaths = (
			);
			runOnlyForDeploymentPostprocessing = 0;
			shellPath = /bin/sh;
			shellScript = "\"${SRCROOT}/Pods/Target Support Files/Pods-TumblrTests/Pods-TumblrTests-frameworks.sh\"\n";
			showEnvVarsInLog = 0;
		};
		F4C5C70BFCF88391AA4031C7 /* [CP] Embed Pods Frameworks */ = {
			isa = PBXShellScriptBuildPhase;
			buildActionMask = 2147483647;
			files = (
			);
			inputPaths = (
				"${SRCROOT}/Pods/Target Support Files/Pods-Tumblr/Pods-Tumblr-frameworks.sh",
				"${BUILT_PRODUCTS_DIR}/Alamofire/Alamofire.framework",
				"${BUILT_PRODUCTS_DIR}/AlamofireImage/AlamofireImage.framework",
			);
			name = "[CP] Embed Pods Frameworks";
			outputPaths = (
				"${TARGET_BUILD_DIR}/${FRAMEWORKS_FOLDER_PATH}/Alamofire.framework",
				"${TARGET_BUILD_DIR}/${FRAMEWORKS_FOLDER_PATH}/AlamofireImage.framework",
			);
			runOnlyForDeploymentPostprocessing = 0;
			shellPath = /bin/sh;
			shellScript = "\"${SRCROOT}/Pods/Target Support Files/Pods-Tumblr/Pods-Tumblr-frameworks.sh\"\n";
			showEnvVarsInLog = 0;
		};
/* End PBXShellScriptBuildPhase section */

/* Begin PBXSourcesBuildPhase section */
		E3FB58F22006D33500F14799 /* Sources */ = {
			isa = PBXSourcesBuildPhase;
			buildActionMask = 2147483647;
			files = (
				E3FB592C2006DDA800F14799 /* PhotoCell.swift in Sources */,
				E3FB58FA2006D33500F14799 /* AppDelegate.swift in Sources */,
				E3FB592A2006D5A800F14799 /* PhotosViewController.swift in Sources */,
				E3B611D82010101100D38A33 /* DetailViewController.swift in Sources */,
			);
			runOnlyForDeploymentPostprocessing = 0;
		};
		E3FB59062006D33600F14799 /* Sources */ = {
			isa = PBXSourcesBuildPhase;
			buildActionMask = 2147483647;
			files = (
				E3FB590F2006D33600F14799 /* TumblrTests.swift in Sources */,
			);
			runOnlyForDeploymentPostprocessing = 0;
		};
		E3FB59112006D33600F14799 /* Sources */ = {
			isa = PBXSourcesBuildPhase;
			buildActionMask = 2147483647;
			files = (
				E3FB591A2006D33600F14799 /* TumblrUITests.swift in Sources */,
			);
			runOnlyForDeploymentPostprocessing = 0;
		};
/* End PBXSourcesBuildPhase section */

/* Begin PBXTargetDependency section */
		E3FB590C2006D33600F14799 /* PBXTargetDependency */ = {
			isa = PBXTargetDependency;
			target = E3FB58F52006D33500F14799 /* Tumblr */;
			targetProxy = E3FB590B2006D33600F14799 /* PBXContainerItemProxy */;
		};
		E3FB59172006D33600F14799 /* PBXTargetDependency */ = {
			isa = PBXTargetDependency;
			target = E3FB58F52006D33500F14799 /* Tumblr */;
			targetProxy = E3FB59162006D33600F14799 /* PBXContainerItemProxy */;
		};
/* End PBXTargetDependency section */

/* Begin PBXVariantGroup section */
		E3FB58FD2006D33600F14799 /* Main.storyboard */ = {
			isa = PBXVariantGroup;
			children = (
				E3FB58FE2006D33600F14799 /* Base */,
			);
			name = Main.storyboard;
			sourceTree = "<group>";
		};
		E3FB59022006D33600F14799 /* LaunchScreen.storyboard */ = {
			isa = PBXVariantGroup;
			children = (
				E3FB59032006D33600F14799 /* Base */,
			);
			name = LaunchScreen.storyboard;
			sourceTree = "<group>";
		};
/* End PBXVariantGroup section */

/* Begin XCBuildConfiguration section */
		E3FB591C2006D33600F14799 /* Debug */ = {
			isa = XCBuildConfiguration;
			buildSettings = {
				ALWAYS_SEARCH_USER_PATHS = NO;
				CLANG_ANALYZER_NONNULL = YES;
				CLANG_ANALYZER_NUMBER_OBJECT_CONVERSION = YES_AGGRESSIVE;
				CLANG_CXX_LANGUAGE_STANDARD = "gnu++14";
				CLANG_CXX_LIBRARY = "libc++";
				CLANG_ENABLE_MODULES = YES;
				CLANG_ENABLE_OBJC_ARC = YES;
				CLANG_WARN_BLOCK_CAPTURE_AUTORELEASING = YES;
				CLANG_WARN_BOOL_CONVERSION = YES;
				CLANG_WARN_COMMA = YES;
				CLANG_WARN_CONSTANT_CONVERSION = YES;
				CLANG_WARN_DIRECT_OBJC_ISA_USAGE = YES_ERROR;
				CLANG_WARN_DOCUMENTATION_COMMENTS = YES;
				CLANG_WARN_EMPTY_BODY = YES;
				CLANG_WARN_ENUM_CONVERSION = YES;
				CLANG_WARN_INFINITE_RECURSION = YES;
				CLANG_WARN_INT_CONVERSION = YES;
				CLANG_WARN_NON_LITERAL_NULL_CONVERSION = YES;
				CLANG_WARN_OBJC_LITERAL_CONVERSION = YES;
				CLANG_WARN_OBJC_ROOT_CLASS = YES_ERROR;
				CLANG_WARN_RANGE_LOOP_ANALYSIS = YES;
				CLANG_WARN_STRICT_PROTOTYPES = YES;
				CLANG_WARN_SUSPICIOUS_MOVE = YES;
				CLANG_WARN_UNGUARDED_AVAILABILITY = YES_AGGRESSIVE;
				CLANG_WARN_UNREACHABLE_CODE = YES;
				CLANG_WARN__DUPLICATE_METHOD_MATCH = YES;
				CODE_SIGN_IDENTITY = "iPhone Developer";
				COPY_PHASE_STRIP = NO;
				DEBUG_INFORMATION_FORMAT = dwarf;
				ENABLE_STRICT_OBJC_MSGSEND = YES;
				ENABLE_TESTABILITY = YES;
				GCC_C_LANGUAGE_STANDARD = gnu11;
				GCC_DYNAMIC_NO_PIC = NO;
				GCC_NO_COMMON_BLOCKS = YES;
				GCC_OPTIMIZATION_LEVEL = 0;
				GCC_PREPROCESSOR_DEFINITIONS = (
					"DEBUG=1",
					"$(inherited)",
				);
				GCC_WARN_64_TO_32_BIT_CONVERSION = YES;
				GCC_WARN_ABOUT_RETURN_TYPE = YES_ERROR;
				GCC_WARN_UNDECLARED_SELECTOR = YES;
				GCC_WARN_UNINITIALIZED_AUTOS = YES_AGGRESSIVE;
				GCC_WARN_UNUSED_FUNCTION = YES;
				GCC_WARN_UNUSED_VARIABLE = YES;
				IPHONEOS_DEPLOYMENT_TARGET = 11.2;
				MTL_ENABLE_DEBUG_INFO = YES;
				ONLY_ACTIVE_ARCH = YES;
				SDKROOT = iphoneos;
				SWIFT_ACTIVE_COMPILATION_CONDITIONS = DEBUG;
				SWIFT_OPTIMIZATION_LEVEL = "-Onone";
			};
			name = Debug;
		};
		E3FB591D2006D33600F14799 /* Release */ = {
			isa = XCBuildConfiguration;
			buildSettings = {
				ALWAYS_SEARCH_USER_PATHS = NO;
				CLANG_ANALYZER_NONNULL = YES;
				CLANG_ANALYZER_NUMBER_OBJECT_CONVERSION = YES_AGGRESSIVE;
				CLANG_CXX_LANGUAGE_STANDARD = "gnu++14";
				CLANG_CXX_LIBRARY = "libc++";
				CLANG_ENABLE_MODULES = YES;
				CLANG_ENABLE_OBJC_ARC = YES;
				CLANG_WARN_BLOCK_CAPTURE_AUTORELEASING = YES;
				CLANG_WARN_BOOL_CONVERSION = YES;
				CLANG_WARN_COMMA = YES;
				CLANG_WARN_CONSTANT_CONVERSION = YES;
				CLANG_WARN_DIRECT_OBJC_ISA_USAGE = YES_ERROR;
				CLANG_WARN_DOCUMENTATION_COMMENTS = YES;
				CLANG_WARN_EMPTY_BODY = YES;
				CLANG_WARN_ENUM_CONVERSION = YES;
				CLANG_WARN_INFINITE_RECURSION = YES;
				CLANG_WARN_INT_CONVERSION = YES;
				CLANG_WARN_NON_LITERAL_NULL_CONVERSION = YES;
				CLANG_WARN_OBJC_LITERAL_CONVERSION = YES;
				CLANG_WARN_OBJC_ROOT_CLASS = YES_ERROR;
				CLANG_WARN_RANGE_LOOP_ANALYSIS = YES;
				CLANG_WARN_STRICT_PROTOTYPES = YES;
				CLANG_WARN_SUSPICIOUS_MOVE = YES;
				CLANG_WARN_UNGUARDED_AVAILABILITY = YES_AGGRESSIVE;
				CLANG_WARN_UNREACHABLE_CODE = YES;
				CLANG_WARN__DUPLICATE_METHOD_MATCH = YES;
				CODE_SIGN_IDENTITY = "iPhone Developer";
				COPY_PHASE_STRIP = NO;
				DEBUG_INFORMATION_FORMAT = "dwarf-with-dsym";
				ENABLE_NS_ASSERTIONS = NO;
				ENABLE_STRICT_OBJC_MSGSEND = YES;
				GCC_C_LANGUAGE_STANDARD = gnu11;
				GCC_NO_COMMON_BLOCKS = YES;
				GCC_WARN_64_TO_32_BIT_CONVERSION = YES;
				GCC_WARN_ABOUT_RETURN_TYPE = YES_ERROR;
				GCC_WARN_UNDECLARED_SELECTOR = YES;
				GCC_WARN_UNINITIALIZED_AUTOS = YES_AGGRESSIVE;
				GCC_WARN_UNUSED_FUNCTION = YES;
				GCC_WARN_UNUSED_VARIABLE = YES;
				IPHONEOS_DEPLOYMENT_TARGET = 11.2;
				MTL_ENABLE_DEBUG_INFO = NO;
				SDKROOT = iphoneos;
				SWIFT_OPTIMIZATION_LEVEL = "-Owholemodule";
				VALIDATE_PRODUCT = YES;
			};
			name = Release;
		};
		E3FB591F2006D33600F14799 /* Debug */ = {
			isa = XCBuildConfiguration;
			baseConfigurationReference = D52626A770F87C45DA93F3BA /* Pods-Tumblr.debug.xcconfig */;
			buildSettings = {
				ASSETCATALOG_COMPILER_APPICON_NAME = AppIcon;
				CODE_SIGN_STYLE = Automatic;
				DEVELOPMENT_TEAM = 58S676664G;
				INFOPLIST_FILE = Tumblr/Info.plist;
				LD_RUNPATH_SEARCH_PATHS = "$(inherited) @executable_path/Frameworks";
				PRODUCT_BUNDLE_IDENTIFIER = harjasmonga.Tumblr;
				PRODUCT_NAME = "$(TARGET_NAME)";
				SWIFT_VERSION = 4.0;
				TARGETED_DEVICE_FAMILY = "1,2";
			};
			name = Debug;
		};
		E3FB59202006D33600F14799 /* Release */ = {
			isa = XCBuildConfiguration;
			baseConfigurationReference = 8665F45085B8BB7ED57D2DFE /* Pods-Tumblr.release.xcconfig */;
			buildSettings = {
				ASSETCATALOG_COMPILER_APPICON_NAME = AppIcon;
				CODE_SIGN_STYLE = Automatic;
				DEVELOPMENT_TEAM = 58S676664G;
				INFOPLIST_FILE = Tumblr/Info.plist;
				LD_RUNPATH_SEARCH_PATHS = "$(inherited) @executable_path/Frameworks";
				PRODUCT_BUNDLE_IDENTIFIER = harjasmonga.Tumblr;
				PRODUCT_NAME = "$(TARGET_NAME)";
				SWIFT_VERSION = 4.0;
				TARGETED_DEVICE_FAMILY = "1,2";
			};
			name = Release;
		};
		E3FB59222006D33600F14799 /* Debug */ = {
			isa = XCBuildConfiguration;
			baseConfigurationReference = 34F435CA600B5836BA1EE810 /* Pods-TumblrTests.debug.xcconfig */;
			buildSettings = {
				ALWAYS_EMBED_SWIFT_STANDARD_LIBRARIES = YES;
				BUNDLE_LOADER = "$(TEST_HOST)";
				CODE_SIGN_STYLE = Automatic;
				DEVELOPMENT_TEAM = 58S676664G;
				INFOPLIST_FILE = TumblrTests/Info.plist;
				LD_RUNPATH_SEARCH_PATHS = "$(inherited) @executable_path/Frameworks @loader_path/Frameworks";
				PRODUCT_BUNDLE_IDENTIFIER = harjasmonga.TumblrTests;
				PRODUCT_NAME = "$(TARGET_NAME)";
				SWIFT_VERSION = 4.0;
				TARGETED_DEVICE_FAMILY = "1,2";
				TEST_HOST = "$(BUILT_PRODUCTS_DIR)/Tumblr.app/Tumblr";
			};
			name = Debug;
		};
		E3FB59232006D33600F14799 /* Release */ = {
			isa = XCBuildConfiguration;
			baseConfigurationReference = 257486318BE97E13128604CD /* Pods-TumblrTests.release.xcconfig */;
			buildSettings = {
				ALWAYS_EMBED_SWIFT_STANDARD_LIBRARIES = YES;
				BUNDLE_LOADER = "$(TEST_HOST)";
				CODE_SIGN_STYLE = Automatic;
				DEVELOPMENT_TEAM = 58S676664G;
				INFOPLIST_FILE = TumblrTests/Info.plist;
				LD_RUNPATH_SEARCH_PATHS = "$(inherited) @executable_path/Frameworks @loader_path/Frameworks";
				PRODUCT_BUNDLE_IDENTIFIER = harjasmonga.TumblrTests;
				PRODUCT_NAME = "$(TARGET_NAME)";
				SWIFT_VERSION = 4.0;
				TARGETED_DEVICE_FAMILY = "1,2";
				TEST_HOST = "$(BUILT_PRODUCTS_DIR)/Tumblr.app/Tumblr";
			};
			name = Release;
		};
		E3FB59252006D33600F14799 /* Debug */ = {
			isa = XCBuildConfiguration;
			baseConfigurationReference = 1D932C925C849F1D0A42E8CB /* Pods-TumblrUITests.debug.xcconfig */;
			buildSettings = {
				ALWAYS_EMBED_SWIFT_STANDARD_LIBRARIES = YES;
				CODE_SIGN_STYLE = Automatic;
				DEVELOPMENT_TEAM = 58S676664G;
				INFOPLIST_FILE = TumblrUITests/Info.plist;
				LD_RUNPATH_SEARCH_PATHS = "$(inherited) @executable_path/Frameworks @loader_path/Frameworks";
				PRODUCT_BUNDLE_IDENTIFIER = harjasmonga.TumblrUITests;
				PRODUCT_NAME = "$(TARGET_NAME)";
				SWIFT_VERSION = 4.0;
				TARGETED_DEVICE_FAMILY = "1,2";
				TEST_TARGET_NAME = Tumblr;
			};
			name = Debug;
		};
		E3FB59262006D33600F14799 /* Release */ = {
			isa = XCBuildConfiguration;
			baseConfigurationReference = 2EB585FF0F5DD727A4F0D08A /* Pods-TumblrUITests.release.xcconfig */;
			buildSettings = {
				ALWAYS_EMBED_SWIFT_STANDARD_LIBRARIES = YES;
				CODE_SIGN_STYLE = Automatic;
				DEVELOPMENT_TEAM = 58S676664G;
				INFOPLIST_FILE = TumblrUITests/Info.plist;
				LD_RUNPATH_SEARCH_PATHS = "$(inherited) @executable_path/Frameworks @loader_path/Frameworks";
				PRODUCT_BUNDLE_IDENTIFIER = harjasmonga.TumblrUITests;
				PRODUCT_NAME = "$(TARGET_NAME)";
				SWIFT_VERSION = 4.0;
				TARGETED_DEVICE_FAMILY = "1,2";
				TEST_TARGET_NAME = Tumblr;
			};
			name = Release;
		};
/* End XCBuildConfiguration section */

/* Begin XCConfigurationList section */
		E3FB58F12006D33500F14799 /* Build configuration list for PBXProject "Tumblr" */ = {
			isa = XCConfigurationList;
			buildConfigurations = (
				E3FB591C2006D33600F14799 /* Debug */,
				E3FB591D2006D33600F14799 /* Release */,
			);
			defaultConfigurationIsVisible = 0;
			defaultConfigurationName = Release;
		};
		E3FB591E2006D33600F14799 /* Build configuration list for PBXNativeTarget "Tumblr" */ = {
			isa = XCConfigurationList;
			buildConfigurations = (
				E3FB591F2006D33600F14799 /* Debug */,
				E3FB59202006D33600F14799 /* Release */,
			);
			defaultConfigurationIsVisible = 0;
			defaultConfigurationName = Release;
		};
		E3FB59212006D33600F14799 /* Build configuration list for PBXNativeTarget "TumblrTests" */ = {
			isa = XCConfigurationList;
			buildConfigurations = (
				E3FB59222006D33600F14799 /* Debug */,
				E3FB59232006D33600F14799 /* Release */,
			);
			defaultConfigurationIsVisible = 0;
			defaultConfigurationName = Release;
		};
		E3FB59242006D33600F14799 /* Build configuration list for PBXNativeTarget "TumblrUITests" */ = {
			isa = XCConfigurationList;
			buildConfigurations = (
				E3FB59252006D33600F14799 /* Debug */,
				E3FB59262006D33600F14799 /* Release */,
			);
			defaultConfigurationIsVisible = 0;
			defaultConfigurationName = Release;
		};
/* End XCConfigurationList section */
	};
	rootObject = E3FB58EE2006D33500F14799 /* Project object */;
}
